
Microsoft Visual Studio Solution File, Format Version 12.00
# Visual Studio 15
VisualStudioVersion = 15.0.27130.2010
MinimumVisualStudioVersion = 10.0.40219.1
Project("{FAE04EC0-301F-11D3-BF4B-00C04F79EFBC}") = "MvvmCrossApplication.Droid", "MvvmCrossApplication\MvvmCrossApplication.Droid\MvvmCrossApplication.Droid.csproj", "{C05E631F-853A-4161-84F7-253792E7E28E}"
EndProject
Project("{FAE04EC0-301F-11D3-BF4B-00C04F79EFBC}") = "MvvmCrossApplication.Core", "MvvmCrossApplication\MvvmCrossApplication.Core\MvvmCrossApplication.Core.csproj", "{D2D59B7F-B510-475B-8DCE-2B20795843CF}"
EndProject
Project("{FAE04EC0-301F-11D3-BF4B-00C04F79EFBC}") = "MvvmCrossApplication.iOS", "MvvmCrossApplication\MvvmCrossApplication.iOS\MvvmCrossApplication.iOS.csproj", "{F9B76354-41DA-4062-B6B4-AC77128A6CA3}"
EndProject
Project("{FAE04EC0-301F-11D3-BF4B-00C04F79EFBC}") = "MvvmCrossApplication.UWP", "MvvmCrossApplication\MvvmCrossApplication.UWP\MvvmCrossApplication.UWP.csproj", "{26FC2B7A-C507-4DE6-AEE7-A6184BA0A530}"
EndProject
Project("{FAE04EC0-301F-11D3-BF4B-00C04F79EFBC}") = "MvvmCrossApplication.WPF", "MvvmCrossApplication\MvvmCrossApplication.WPF\MvvmCrossApplication.WPF.csproj", "{8267E893-5B62-4544-8E55-D3C57B93F898}"
EndProject
Global
	GlobalSection(SolutionConfigurationPlatforms) = preSolution
		Ad-Hoc|Any CPU = Ad-Hoc|Any CPU
		Ad-Hoc|ARM = Ad-Hoc|ARM
		Ad-Hoc|iPhone = Ad-Hoc|iPhone
		Ad-Hoc|iPhoneSimulator = Ad-Hoc|iPhoneSimulator
		Ad-Hoc|x64 = Ad-Hoc|x64
		Ad-Hoc|x86 = Ad-Hoc|x86
		AppStore|Any CPU = AppStore|Any CPU
		AppStore|ARM = AppStore|ARM
		AppStore|iPhone = AppStore|iPhone
		AppStore|iPhoneSimulator = AppStore|iPhoneSimulator
		AppStore|x64 = AppStore|x64
		AppStore|x86 = AppStore|x86
		Debug|Any CPU = Debug|Any CPU
		Debug|ARM = Debug|ARM
		Debug|iPhone = Debug|iPhone
		Debug|iPhoneSimulator = Debug|iPhoneSimulator
		Debug|x64 = Debug|x64
		Debug|x86 = Debug|x86
		Release|Any CPU = Release|Any CPU
		Release|ARM = Release|ARM
		Release|iPhone = Release|iPhone
		Release|iPhoneSimulator = Release|iPhoneSimulator
		Release|x64 = Release|x64
		Release|x86 = Release|x86
	EndGlobalSection
	GlobalSection(ProjectConfigurationPlatforms) = postSolution
		{C05E631F-853A-4161-84F7-253792E7E28E}.Ad-Hoc|Any CPU.ActiveCfg = Release|Any CPU
		{C05E631F-853A-4161-84F7-253792E7E28E}.Ad-Hoc|Any CPU.Build.0 = Release|Any CPU
		{C05E631F-853A-4161-84F7-253792E7E28E}.Ad-Hoc|Any CPU.Deploy.0 = Release|Any CPU
		{C05E631F-853A-4161-84F7-253792E7E28E}.Ad-Hoc|ARM.ActiveCfg = Release|Any CPU
		{C05E631F-853A-4161-84F7-253792E7E28E}.Ad-Hoc|ARM.Build.0 = Release|Any CPU
		{C05E631F-853A-4161-84F7-253792E7E28E}.Ad-Hoc|ARM.Deploy.0 = Release|Any CPU
		{C05E631F-853A-4161-84F7-253792E7E28E}.Ad-Hoc|iPhone.ActiveCfg = Release|Any CPU
		{C05E631F-853A-4161-84F7-253792E7E28E}.Ad-Hoc|iPhone.Build.0 = Release|Any CPU
		{C05E631F-853A-4161-84F7-253792E7E28E}.Ad-Hoc|iPhone.Deploy.0 = Release|Any CPU
		{C05E631F-853A-4161-84F7-253792E7E28E}.Ad-Hoc|iPhoneSimulator.ActiveCfg = Release|Any CPU
		{C05E631F-853A-4161-84F7-253792E7E28E}.Ad-Hoc|iPhoneSimulator.Build.0 = Release|Any CPU
		{C05E631F-853A-4161-84F7-253792E7E28E}.Ad-Hoc|iPhoneSimulator.Deploy.0 = Release|Any CPU
		{C05E631F-853A-4161-84F7-253792E7E28E}.Ad-Hoc|x64.ActiveCfg = Release|Any CPU
		{C05E631F-853A-4161-84F7-253792E7E28E}.Ad-Hoc|x64.Build.0 = Release|Any CPU
		{C05E631F-853A-4161-84F7-253792E7E28E}.Ad-Hoc|x64.Deploy.0 = Release|Any CPU
		{C05E631F-853A-4161-84F7-253792E7E28E}.Ad-Hoc|x86.ActiveCfg = Release|Any CPU
		{C05E631F-853A-4161-84F7-253792E7E28E}.Ad-Hoc|x86.Build.0 = Release|Any CPU
		{C05E631F-853A-4161-84F7-253792E7E28E}.Ad-Hoc|x86.Deploy.0 = Release|Any CPU
		{C05E631F-853A-4161-84F7-253792E7E28E}.AppStore|Any CPU.ActiveCfg = Release|Any CPU
		{C05E631F-853A-4161-84F7-253792E7E28E}.AppStore|Any CPU.Build.0 = Release|Any CPU
		{C05E631F-853A-4161-84F7-253792E7E28E}.AppStore|Any CPU.Deploy.0 = Release|Any CPU
		{C05E631F-853A-4161-84F7-253792E7E28E}.AppStore|ARM.ActiveCfg = Release|Any CPU
		{C05E631F-853A-4161-84F7-253792E7E28E}.AppStore|ARM.Build.0 = Release|Any CPU
		{C05E631F-853A-4161-84F7-253792E7E28E}.AppStore|ARM.Deploy.0 = Release|Any CPU
		{C05E631F-853A-4161-84F7-253792E7E28E}.AppStore|iPhone.ActiveCfg = Release|Any CPU
		{C05E631F-853A-4161-84F7-253792E7E28E}.AppStore|iPhone.Build.0 = Release|Any CPU
		{C05E631F-853A-4161-84F7-253792E7E28E}.AppStore|iPhone.Deploy.0 = Release|Any CPU
		{C05E631F-853A-4161-84F7-253792E7E28E}.AppStore|iPhoneSimulator.ActiveCfg = Release|Any CPU
		{C05E631F-853A-4161-84F7-253792E7E28E}.AppStore|iPhoneSimulator.Build.0 = Release|Any CPU
		{C05E631F-853A-4161-84F7-253792E7E28E}.AppStore|iPhoneSimulator.Deploy.0 = Release|Any CPU
		{C05E631F-853A-4161-84F7-253792E7E28E}.AppStore|x64.ActiveCfg = Release|Any CPU
		{C05E631F-853A-4161-84F7-253792E7E28E}.AppStore|x64.Build.0 = Release|Any CPU
		{C05E631F-853A-4161-84F7-253792E7E28E}.AppStore|x64.Deploy.0 = Release|Any CPU
		{C05E631F-853A-4161-84F7-253792E7E28E}.AppStore|x86.ActiveCfg = Release|Any CPU
		{C05E631F-853A-4161-84F7-253792E7E28E}.AppStore|x86.Build.0 = Release|Any CPU
		{C05E631F-853A-4161-84F7-253792E7E28E}.AppStore|x86.Deploy.0 = Release|Any CPU
		{C05E631F-853A-4161-84F7-253792E7E28E}.Debug|Any CPU.ActiveCfg = Debug|Any CPU
		{C05E631F-853A-4161-84F7-253792E7E28E}.Debug|Any CPU.Build.0 = Debug|Any CPU
		{C05E631F-853A-4161-84F7-253792E7E28E}.Debug|Any CPU.Deploy.0 = Debug|Any CPU
		{C05E631F-853A-4161-84F7-253792E7E28E}.Debug|ARM.ActiveCfg = Debug|Any CPU
		{C05E631F-853A-4161-84F7-253792E7E28E}.Debug|ARM.Build.0 = Debug|Any CPU
		{C05E631F-853A-4161-84F7-253792E7E28E}.Debug|ARM.Deploy.0 = Debug|Any CPU
		{C05E631F-853A-4161-84F7-253792E7E28E}.Debug|iPhone.ActiveCfg = Debug|Any CPU
		{C05E631F-853A-4161-84F7-253792E7E28E}.Debug|iPhone.Build.0 = Debug|Any CPU
		{C05E631F-853A-4161-84F7-253792E7E28E}.Debug|iPhone.Deploy.0 = Debug|Any CPU
		{C05E631F-853A-4161-84F7-253792E7E28E}.Debug|iPhoneSimulator.ActiveCfg = Debug|Any CPU
		{C05E631F-853A-4161-84F7-253792E7E28E}.Debug|iPhoneSimulator.Build.0 = Debug|Any CPU
		{C05E631F-853A-4161-84F7-253792E7E28E}.Debug|iPhoneSimulator.Deploy.0 = Debug|Any CPU
		{C05E631F-853A-4161-84F7-253792E7E28E}.Debug|x64.ActiveCfg = Debug|Any CPU
		{C05E631F-853A-4161-84F7-253792E7E28E}.Debug|x64.Build.0 = Debug|Any CPU
		{C05E631F-853A-4161-84F7-253792E7E28E}.Debug|x64.Deploy.0 = Debug|Any CPU
		{C05E631F-853A-4161-84F7-253792E7E28E}.Debug|x86.ActiveCfg = Debug|Any CPU
		{C05E631F-853A-4161-84F7-253792E7E28E}.Debug|x86.Build.0 = Debug|Any CPU
		{C05E631F-853A-4161-84F7-253792E7E28E}.Debug|x86.Deploy.0 = Debug|Any CPU
		{C05E631F-853A-4161-84F7-253792E7E28E}.Release|Any CPU.ActiveCfg = Release|Any CPU
		{C05E631F-853A-4161-84F7-253792E7E28E}.Release|Any CPU.Build.0 = Release|Any CPU
		{C05E631F-853A-4161-84F7-253792E7E28E}.Release|Any CPU.Deploy.0 = Release|Any CPU
		{C05E631F-853A-4161-84F7-253792E7E28E}.Release|ARM.ActiveCfg = Release|Any CPU
		{C05E631F-853A-4161-84F7-253792E7E28E}.Release|ARM.Build.0 = Release|Any CPU
		{C05E631F-853A-4161-84F7-253792E7E28E}.Release|ARM.Deploy.0 = Release|Any CPU
		{C05E631F-853A-4161-84F7-253792E7E28E}.Release|iPhone.ActiveCfg = Release|Any CPU
		{C05E631F-853A-4161-84F7-253792E7E28E}.Release|iPhone.Build.0 = Release|Any CPU
		{C05E631F-853A-4161-84F7-253792E7E28E}.Release|iPhone.Deploy.0 = Release|Any CPU
		{C05E631F-853A-4161-84F7-253792E7E28E}.Release|iPhoneSimulator.ActiveCfg = Release|Any CPU
		{C05E631F-853A-4161-84F7-253792E7E28E}.Release|iPhoneSimulator.Build.0 = Release|Any CPU
		{C05E631F-853A-4161-84F7-253792E7E28E}.Release|iPhoneSimulator.Deploy.0 = Release|Any CPU
		{C05E631F-853A-4161-84F7-253792E7E28E}.Release|x64.ActiveCfg = Release|Any CPU
		{C05E631F-853A-4161-84F7-253792E7E28E}.Release|x64.Build.0 = Release|Any CPU
		{C05E631F-853A-4161-84F7-253792E7E28E}.Release|x64.Deploy.0 = Release|Any CPU
		{C05E631F-853A-4161-84F7-253792E7E28E}.Release|x86.ActiveCfg = Release|Any CPU
		{C05E631F-853A-4161-84F7-253792E7E28E}.Release|x86.Build.0 = Release|Any CPU
		{C05E631F-853A-4161-84F7-253792E7E28E}.Release|x86.Deploy.0 = Release|Any CPU
		{D2D59B7F-B510-475B-8DCE-2B20795843CF}.Ad-Hoc|Any CPU.ActiveCfg = Release|Any CPU
		{D2D59B7F-B510-475B-8DCE-2B20795843CF}.Ad-Hoc|Any CPU.Build.0 = Release|Any CPU
		{D2D59B7F-B510-475B-8DCE-2B20795843CF}.Ad-Hoc|ARM.ActiveCfg = Release|Any CPU
		{D2D59B7F-B510-475B-8DCE-2B20795843CF}.Ad-Hoc|ARM.Build.0 = Release|Any CPU
		{D2D59B7F-B510-475B-8DCE-2B20795843CF}.Ad-Hoc|iPhone.ActiveCfg = Release|Any CPU
		{D2D59B7F-B510-475B-8DCE-2B20795843CF}.Ad-Hoc|iPhone.Build.0 = Release|Any CPU
		{D2D59B7F-B510-475B-8DCE-2B20795843CF}.Ad-Hoc|iPhoneSimulator.ActiveCfg = Release|Any CPU
		{D2D59B7F-B510-475B-8DCE-2B20795843CF}.Ad-Hoc|iPhoneSimulator.Build.0 = Release|Any CPU
		{D2D59B7F-B510-475B-8DCE-2B20795843CF}.Ad-Hoc|x64.ActiveCfg = Release|Any CPU
		{D2D59B7F-B510-475B-8DCE-2B20795843CF}.Ad-Hoc|x64.Build.0 = Release|Any CPU
		{D2D59B7F-B510-475B-8DCE-2B20795843CF}.Ad-Hoc|x86.ActiveCfg = Release|Any CPU
		{D2D59B7F-B510-475B-8DCE-2B20795843CF}.Ad-Hoc|x86.Build.0 = Release|Any CPU
		{D2D59B7F-B510-475B-8DCE-2B20795843CF}.AppStore|Any CPU.ActiveCfg = Release|Any CPU
		{D2D59B7F-B510-475B-8DCE-2B20795843CF}.AppStore|Any CPU.Build.0 = Release|Any CPU
		{D2D59B7F-B510-475B-8DCE-2B20795843CF}.AppStore|ARM.ActiveCfg = Release|Any CPU
		{D2D59B7F-B510-475B-8DCE-2B20795843CF}.AppStore|ARM.Build.0 = Release|Any CPU
		{D2D59B7F-B510-475B-8DCE-2B20795843CF}.AppStore|iPhone.ActiveCfg = Release|Any CPU
		{D2D59B7F-B510-475B-8DCE-2B20795843CF}.AppStore|iPhone.Build.0 = Release|Any CPU
		{D2D59B7F-B510-475B-8DCE-2B20795843CF}.AppStore|iPhoneSimulator.ActiveCfg = Release|Any CPU
		{D2D59B7F-B510-475B-8DCE-2B20795843CF}.AppStore|iPhoneSimulator.Build.0 = Release|Any CPU
		{D2D59B7F-B510-475B-8DCE-2B20795843CF}.AppStore|x64.ActiveCfg = Release|Any CPU
		{D2D59B7F-B510-475B-8DCE-2B20795843CF}.AppStore|x64.Build.0 = Release|Any CPU
		{D2D59B7F-B510-475B-8DCE-2B20795843CF}.AppStore|x86.ActiveCfg = Release|Any CPU
		{D2D59B7F-B510-475B-8DCE-2B20795843CF}.AppStore|x86.Build.0 = Release|Any CPU
		{D2D59B7F-B510-475B-8DCE-2B20795843CF}.Debug|Any CPU.ActiveCfg = Debug|Any CPU
		{D2D59B7F-B510-475B-8DCE-2B20795843CF}.Debug|Any CPU.Build.0 = Debug|Any CPU
		{D2D59B7F-B510-475B-8DCE-2B20795843CF}.Debug|ARM.ActiveCfg = Debug|Any CPU
		{D2D59B7F-B510-475B-8DCE-2B20795843CF}.Debug|ARM.Build.0 = Debug|Any CPU
		{D2D59B7F-B510-475B-8DCE-2B20795843CF}.Debug|iPhone.ActiveCfg = Debug|Any CPU
		{D2D59B7F-B510-475B-8DCE-2B20795843CF}.Debug|iPhone.Build.0 = Debug|Any CPU
		{D2D59B7F-B510-475B-8DCE-2B20795843CF}.Debug|iPhoneSimulator.ActiveCfg = Debug|Any CPU
		{D2D59B7F-B510-475B-8DCE-2B20795843CF}.Debug|iPhoneSimulator.Build.0 = Debug|Any CPU
		{D2D59B7F-B510-475B-8DCE-2B20795843CF}.Debug|x64.ActiveCfg = Debug|Any CPU
		{D2D59B7F-B510-475B-8DCE-2B20795843CF}.Debug|x64.Build.0 = Debug|Any CPU
		{D2D59B7F-B510-475B-8DCE-2B20795843CF}.Debug|x86.ActiveCfg = Debug|Any CPU
		{D2D59B7F-B510-475B-8DCE-2B20795843CF}.Debug|x86.Build.0 = Debug|Any CPU
		{D2D59B7F-B510-475B-8DCE-2B20795843CF}.Release|Any CPU.ActiveCfg = Release|Any CPU
		{D2D59B7F-B510-475B-8DCE-2B20795843CF}.Release|Any CPU.Build.0 = Release|Any CPU
		{D2D59B7F-B510-475B-8DCE-2B20795843CF}.Release|ARM.ActiveCfg = Release|Any CPU
		{D2D59B7F-B510-475B-8DCE-2B20795843CF}.Release|ARM.Build.0 = Release|Any CPU
		{D2D59B7F-B510-475B-8DCE-2B20795843CF}.Release|iPhone.ActiveCfg = Release|Any CPU
		{D2D59B7F-B510-475B-8DCE-2B20795843CF}.Release|iPhone.Build.0 = Release|Any CPU
		{D2D59B7F-B510-475B-8DCE-2B20795843CF}.Release|iPhoneSimulator.ActiveCfg = Release|Any CPU
		{D2D59B7F-B510-475B-8DCE-2B20795843CF}.Release|iPhoneSimulator.Build.0 = Release|Any CPU
		{D2D59B7F-B510-475B-8DCE-2B20795843CF}.Release|x64.ActiveCfg = Release|Any CPU
		{D2D59B7F-B510-475B-8DCE-2B20795843CF}.Release|x64.Build.0 = Release|Any CPU
		{D2D59B7F-B510-475B-8DCE-2B20795843CF}.Release|x86.ActiveCfg = Release|Any CPU
		{D2D59B7F-B510-475B-8DCE-2B20795843CF}.Release|x86.Build.0 = Release|Any CPU
		{F9B76354-41DA-4062-B6B4-AC77128A6CA3}.Ad-Hoc|Any CPU.ActiveCfg = Ad-Hoc|iPhone
		{F9B76354-41DA-4062-B6B4-AC77128A6CA3}.Ad-Hoc|ARM.ActiveCfg = Ad-Hoc|iPhone
		{F9B76354-41DA-4062-B6B4-AC77128A6CA3}.Ad-Hoc|iPhone.ActiveCfg = Ad-Hoc|iPhone
		{F9B76354-41DA-4062-B6B4-AC77128A6CA3}.Ad-Hoc|iPhone.Build.0 = Ad-Hoc|iPhone
		{F9B76354-41DA-4062-B6B4-AC77128A6CA3}.Ad-Hoc|iPhoneSimulator.ActiveCfg = Ad-Hoc|iPhoneSimulator
		{F9B76354-41DA-4062-B6B4-AC77128A6CA3}.Ad-Hoc|iPhoneSimulator.Build.0 = Ad-Hoc|iPhoneSimulator
		{F9B76354-41DA-4062-B6B4-AC77128A6CA3}.Ad-Hoc|x64.ActiveCfg = Ad-Hoc|iPhone
		{F9B76354-41DA-4062-B6B4-AC77128A6CA3}.Ad-Hoc|x86.ActiveCfg = Ad-Hoc|iPhone
		{F9B76354-41DA-4062-B6B4-AC77128A6CA3}.AppStore|Any CPU.ActiveCfg = AppStore|iPhone
		{F9B76354-41DA-4062-B6B4-AC77128A6CA3}.AppStore|ARM.ActiveCfg = AppStore|iPhone
		{F9B76354-41DA-4062-B6B4-AC77128A6CA3}.AppStore|iPhone.ActiveCfg = AppStore|iPhone
		{F9B76354-41DA-4062-B6B4-AC77128A6CA3}.AppStore|iPhone.Build.0 = AppStore|iPhone
		{F9B76354-41DA-4062-B6B4-AC77128A6CA3}.AppStore|iPhoneSimulator.ActiveCfg = AppStore|iPhoneSimulator
		{F9B76354-41DA-4062-B6B4-AC77128A6CA3}.AppStore|iPhoneSimulator.Build.0 = AppStore|iPhoneSimulator
		{F9B76354-41DA-4062-B6B4-AC77128A6CA3}.AppStore|x64.ActiveCfg = AppStore|iPhone
		{F9B76354-41DA-4062-B6B4-AC77128A6CA3}.AppStore|x86.ActiveCfg = AppStore|iPhone
		{F9B76354-41DA-4062-B6B4-AC77128A6CA3}.Debug|Any CPU.ActiveCfg = Debug|iPhone
		{F9B76354-41DA-4062-B6B4-AC77128A6CA3}.Debug|ARM.ActiveCfg = Debug|iPhone
		{F9B76354-41DA-4062-B6B4-AC77128A6CA3}.Debug|iPhone.ActiveCfg = Debug|iPhone
		{F9B76354-41DA-4062-B6B4-AC77128A6CA3}.Debug|iPhone.Build.0 = Debug|iPhone
		{F9B76354-41DA-4062-B6B4-AC77128A6CA3}.Debug|iPhoneSimulator.ActiveCfg = Debug|iPhoneSimulator
		{F9B76354-41DA-4062-B6B4-AC77128A6CA3}.Debug|iPhoneSimulator.Build.0 = Debug|iPhoneSimulator
		{F9B76354-41DA-4062-B6B4-AC77128A6CA3}.Debug|x64.ActiveCfg = Debug|iPhone
		{F9B76354-41DA-4062-B6B4-AC77128A6CA3}.Debug|x86.ActiveCfg = Debug|iPhone
		{F9B76354-41DA-4062-B6B4-AC77128A6CA3}.Release|Any CPU.ActiveCfg = Release|iPhone
		{F9B76354-41DA-4062-B6B4-AC77128A6CA3}.Release|ARM.ActiveCfg = Release|iPhone
		{F9B76354-41DA-4062-B6B4-AC77128A6CA3}.Release|iPhone.ActiveCfg = Release|iPhone
		{F9B76354-41DA-4062-B6B4-AC77128A6CA3}.Release|iPhone.Build.0 = Release|iPhone
		{F9B76354-41DA-4062-B6B4-AC77128A6CA3}.Release|iPhoneSimulator.ActiveCfg = Release|iPhoneSimulator
		{F9B76354-41DA-4062-B6B4-AC77128A6CA3}.Release|iPhoneSimulator.Build.0 = Release|iPhoneSimulator
		{F9B76354-41DA-4062-B6B4-AC77128A6CA3}.Release|x64.ActiveCfg = Release|iPhone
		{F9B76354-41DA-4062-B6B4-AC77128A6CA3}.Release|x86.ActiveCfg = Release|iPhone
		{26FC2B7A-C507-4DE6-AEE7-A6184BA0A530}.Ad-Hoc|Any CPU.ActiveCfg = Release|x64
		{26FC2B7A-C507-4DE6-AEE7-A6184BA0A530}.Ad-Hoc|Any CPU.Build.0 = Release|x64
		{26FC2B7A-C507-4DE6-AEE7-A6184BA0A530}.Ad-Hoc|Any CPU.Deploy.0 = Release|x64
		{26FC2B7A-C507-4DE6-AEE7-A6184BA0A530}.Ad-Hoc|ARM.ActiveCfg = Release|ARM
		{26FC2B7A-C507-4DE6-AEE7-A6184BA0A530}.Ad-Hoc|ARM.Build.0 = Release|ARM
		{26FC2B7A-C507-4DE6-AEE7-A6184BA0A530}.Ad-Hoc|ARM.Deploy.0 = Release|ARM
		{26FC2B7A-C507-4DE6-AEE7-A6184BA0A530}.Ad-Hoc|iPhone.ActiveCfg = Release|x64
		{26FC2B7A-C507-4DE6-AEE7-A6184BA0A530}.Ad-Hoc|iPhone.Build.0 = Release|x64
		{26FC2B7A-C507-4DE6-AEE7-A6184BA0A530}.Ad-Hoc|iPhone.Deploy.0 = Release|x64
		{26FC2B7A-C507-4DE6-AEE7-A6184BA0A530}.Ad-Hoc|iPhoneSimulator.ActiveCfg = Release|x64
		{26FC2B7A-C507-4DE6-AEE7-A6184BA0A530}.Ad-Hoc|iPhoneSimulator.Build.0 = Release|x64
		{26FC2B7A-C507-4DE6-AEE7-A6184BA0A530}.Ad-Hoc|iPhoneSimulator.Deploy.0 = Release|x64
		{26FC2B7A-C507-4DE6-AEE7-A6184BA0A530}.Ad-Hoc|x64.ActiveCfg = Release|x64
		{26FC2B7A-C507-4DE6-AEE7-A6184BA0A530}.Ad-Hoc|x64.Build.0 = Release|x64
		{26FC2B7A-C507-4DE6-AEE7-A6184BA0A530}.Ad-Hoc|x64.Deploy.0 = Release|x64
		{26FC2B7A-C507-4DE6-AEE7-A6184BA0A530}.Ad-Hoc|x86.ActiveCfg = Release|x86
		{26FC2B7A-C507-4DE6-AEE7-A6184BA0A530}.Ad-Hoc|x86.Build.0 = Release|x86
		{26FC2B7A-C507-4DE6-AEE7-A6184BA0A530}.Ad-Hoc|x86.Deploy.0 = Release|x86
		{26FC2B7A-C507-4DE6-AEE7-A6184BA0A530}.AppStore|Any CPU.ActiveCfg = Release|x64
		{26FC2B7A-C507-4DE6-AEE7-A6184BA0A530}.AppStore|Any CPU.Build.0 = Release|x64
		{26FC2B7A-C507-4DE6-AEE7-A6184BA0A530}.AppStore|Any CPU.Deploy.0 = Release|x64
		{26FC2B7A-C507-4DE6-AEE7-A6184BA0A530}.AppStore|ARM.ActiveCfg = Release|ARM
		{26FC2B7A-C507-4DE6-AEE7-A6184BA0A530}.AppStore|ARM.Build.0 = Release|ARM
		{26FC2B7A-C507-4DE6-AEE7-A6184BA0A530}.AppStore|ARM.Deploy.0 = Release|ARM
		{26FC2B7A-C507-4DE6-AEE7-A6184BA0A530}.AppStore|iPhone.ActiveCfg = Release|x64
		{26FC2B7A-C507-4DE6-AEE7-A6184BA0A530}.AppStore|iPhone.Build.0 = Release|x64
		{26FC2B7A-C507-4DE6-AEE7-A6184BA0A530}.AppStore|iPhone.Deploy.0 = Release|x64
		{26FC2B7A-C507-4DE6-AEE7-A6184BA0A530}.AppStore|iPhoneSimulator.ActiveCfg = Release|x64
		{26FC2B7A-C507-4DE6-AEE7-A6184BA0A530}.AppStore|iPhoneSimulator.Build.0 = Release|x64
		{26FC2B7A-C507-4DE6-AEE7-A6184BA0A530}.AppStore|iPhoneSimulator.Deploy.0 = Release|x64
		{26FC2B7A-C507-4DE6-AEE7-A6184BA0A530}.AppStore|x64.ActiveCfg = Release|x64
		{26FC2B7A-C507-4DE6-AEE7-A6184BA0A530}.AppStore|x64.Build.0 = Release|x64
		{26FC2B7A-C507-4DE6-AEE7-A6184BA0A530}.AppStore|x64.Deploy.0 = Release|x64
		{26FC2B7A-C507-4DE6-AEE7-A6184BA0A530}.AppStore|x86.ActiveCfg = Release|x86
		{26FC2B7A-C507-4DE6-AEE7-A6184BA0A530}.AppStore|x86.Build.0 = Release|x86
		{26FC2B7A-C507-4DE6-AEE7-A6184BA0A530}.AppStore|x86.Deploy.0 = Release|x86
		{26FC2B7A-C507-4DE6-AEE7-A6184BA0A530}.Debug|Any CPU.ActiveCfg = Debug|x86
		{26FC2B7A-C507-4DE6-AEE7-A6184BA0A530}.Debug|ARM.ActiveCfg = Debug|ARM
		{26FC2B7A-C507-4DE6-AEE7-A6184BA0A530}.Debug|ARM.Build.0 = Debug|ARM
		{26FC2B7A-C507-4DE6-AEE7-A6184BA0A530}.Debug|ARM.Deploy.0 = Debug|ARM
		{26FC2B7A-C507-4DE6-AEE7-A6184BA0A530}.Debug|iPhone.ActiveCfg = Debug|x86
		{26FC2B7A-C507-4DE6-AEE7-A6184BA0A530}.Debug|iPhoneSimulator.ActiveCfg = Debug|x86
		{26FC2B7A-C507-4DE6-AEE7-A6184BA0A530}.Debug|x64.ActiveCfg = Debug|x64
		{26FC2B7A-C507-4DE6-AEE7-A6184BA0A530}.Debug|x64.Build.0 = Debug|x64
		{26FC2B7A-C507-4DE6-AEE7-A6184BA0A530}.Debug|x64.Deploy.0 = Debug|x64
		{26FC2B7A-C507-4DE6-AEE7-A6184BA0A530}.Debug|x86.ActiveCfg = Debug|x86
		{26FC2B7A-C507-4DE6-AEE7-A6184BA0A530}.Debug|x86.Build.0 = Debug|x86
		{26FC2B7A-C507-4DE6-AEE7-A6184BA0A530}.Debug|x86.Deploy.0 = Debug|x86
		{26FC2B7A-C507-4DE6-AEE7-A6184BA0A530}.Release|Any CPU.ActiveCfg = Release|x86
		{26FC2B7A-C507-4DE6-AEE7-A6184BA0A530}.Release|ARM.ActiveCfg = Release|ARM
		{26FC2B7A-C507-4DE6-AEE7-A6184BA0A530}.Release|ARM.Build.0 = Release|ARM
		{26FC2B7A-C507-4DE6-AEE7-A6184BA0A530}.Release|ARM.Deploy.0 = Release|ARM
		{26FC2B7A-C507-4DE6-AEE7-A6184BA0A530}.Release|iPhone.ActiveCfg = Release|x86
		{26FC2B7A-C507-4DE6-AEE7-A6184BA0A530}.Release|iPhoneSimulator.ActiveCfg = Release|x86
		{26FC2B7A-C507-4DE6-AEE7-A6184BA0A530}.Release|x64.ActiveCfg = Release|x64
		{26FC2B7A-C507-4DE6-AEE7-A6184BA0A530}.Release|x64.Build.0 = Release|x64
		{26FC2B7A-C507-4DE6-AEE7-A6184BA0A530}.Release|x64.Deploy.0 = Release|x64
		{26FC2B7A-C507-4DE6-AEE7-A6184BA0A530}.Release|x86.ActiveCfg = Release|x86
		{26FC2B7A-C507-4DE6-AEE7-A6184BA0A530}.Release|x86.Build.0 = Release|x86
		{26FC2B7A-C507-4DE6-AEE7-A6184BA0A530}.Release|x86.Deploy.0 = Release|x86
		{8267E893-5B62-4544-8E55-D3C57B93F898}.Ad-Hoc|Any CPU.ActiveCfg = Release|Any CPU
		{8267E893-5B62-4544-8E55-D3C57B93F898}.Ad-Hoc|Any CPU.Build.0 = Release|Any CPU
		{8267E893-5B62-4544-8E55-D3C57B93F898}.Ad-Hoc|ARM.ActiveCfg = Release|Any CPU
		{8267E893-5B62-4544-8E55-D3C57B93F898}.Ad-Hoc|ARM.Build.0 = Release|Any CPU
		{8267E893-5B62-4544-8E55-D3C57B93F898}.Ad-Hoc|iPhone.ActiveCfg = Release|Any CPU
		{8267E893-5B62-4544-8E55-D3C57B93F898}.Ad-Hoc|iPhone.Build.0 = Release|Any CPU
		{8267E893-5B62-4544-8E55-D3C57B93F898}.Ad-Hoc|iPhoneSimulator.ActiveCfg = Release|Any CPU
		{8267E893-5B62-4544-8E55-D3C57B93F898}.Ad-Hoc|iPhoneSimulator.Build.0 = Release|Any CPU
		{8267E893-5B62-4544-8E55-D3C57B93F898}.Ad-Hoc|x64.ActiveCfg = Release|Any CPU
		{8267E893-5B62-4544-8E55-D3C57B93F898}.Ad-Hoc|x64.Build.0 = Release|Any CPU
		{8267E893-5B62-4544-8E55-D3C57B93F898}.Ad-Hoc|x86.ActiveCfg = Release|Any CPU
		{8267E893-5B62-4544-8E55-D3C57B93F898}.Ad-Hoc|x86.Build.0 = Release|Any CPU
		{8267E893-5B62-4544-8E55-D3C57B93F898}.AppStore|Any CPU.ActiveCfg = Release|Any CPU
		{8267E893-5B62-4544-8E55-D3C57B93F898}.AppStore|Any CPU.Build.0 = Release|Any CPU
		{8267E893-5B62-4544-8E55-D3C57B93F898}.AppStore|ARM.ActiveCfg = Release|Any CPU
		{8267E893-5B62-4544-8E55-D3C57B93F898}.AppStore|ARM.Build.0 = Release|Any CPU
		{8267E893-5B62-4544-8E55-D3C57B93F898}.AppStore|iPhone.ActiveCfg = Release|Any CPU
		{8267E893-5B62-4544-8E55-D3C57B93F898}.AppStore|iPhone.Build.0 = Release|Any CPU
		{8267E893-5B62-4544-8E55-D3C57B93F898}.AppStore|iPhoneSimulator.ActiveCfg = Release|Any CPU
		{8267E893-5B62-4544-8E55-D3C57B93F898}.AppStore|iPhoneSimulator.Build.0 = Release|Any CPU
		{8267E893-5B62-4544-8E55-D3C57B93F898}.AppStore|x64.ActiveCfg = Release|Any CPU
		{8267E893-5B62-4544-8E55-D3C57B93F898}.AppStore|x64.Build.0 = Release|Any CPU
		{8267E893-5B62-4544-8E55-D3C57B93F898}.AppStore|x86.ActiveCfg = Release|Any CPU
		{8267E893-5B62-4544-8E55-D3C57B93F898}.AppStore|x86.Build.0 = Release|Any CPU
		{8267E893-5B62-4544-8E55-D3C57B93F898}.Debug|Any CPU.ActiveCfg = Debug|Any CPU
		{8267E893-5B62-4544-8E55-D3C57B93F898}.Debug|Any CPU.Build.0 = Debug|Any CPU
		{8267E893-5B62-4544-8E55-D3C57B93F898}.Debug|ARM.ActiveCfg = Debug|Any CPU
		{8267E893-5B62-4544-8E55-D3C57B93F898}.Debug|ARM.Build.0 = Debug|Any CPU
		{8267E893-5B62-4544-8E55-D3C57B93F898}.Debug|iPhone.ActiveCfg = Debug|Any CPU
		{8267E893-5B62-4544-8E55-D3C57B93F898}.Debug|iPhone.Build.0 = Debug|Any CPU
		{8267E893-5B62-4544-8E55-D3C57B93F898}.Debug|iPhoneSimulator.ActiveCfg = Debug|Any CPU
		{8267E893-5B62-4544-8E55-D3C57B93F898}.Debug|iPhoneSimulator.Build.0 = Debug|Any CPU
		{8267E893-5B62-4544-8E55-D3C57B93F898}.Debug|x64.ActiveCfg = Debug|Any CPU
		{8267E893-5B62-4544-8E55-D3C57B93F898}.Debug|x64.Build.0 = Debug|Any CPU
		{8267E893-5B62-4544-8E55-D3C57B93F898}.Debug|x86.ActiveCfg = Debug|Any CPU
		{8267E893-5B62-4544-8E55-D3C57B93F898}.Debug|x86.Build.0 = Debug|Any CPU
		{8267E893-5B62-4544-8E55-D3C57B93F898}.Release|Any CPU.ActiveCfg = Release|Any CPU
		{8267E893-5B62-4544-8E55-D3C57B93F898}.Release|Any CPU.Build.0 = Release|Any CPU
		{8267E893-5B62-4544-8E55-D3C57B93F898}.Release|ARM.ActiveCfg = Release|Any CPU
		{8267E893-5B62-4544-8E55-D3C57B93F898}.Release|ARM.Build.0 = Release|Any CPU
		{8267E893-5B62-4544-8E55-D3C57B93F898}.Release|iPhone.ActiveCfg = Release|Any CPU
		{8267E893-5B62-4544-8E55-D3C57B93F898}.Release|iPhone.Build.0 = Release|Any CPU
		{8267E893-5B62-4544-8E55-D3C57B93F898}.Release|iPhoneSimulator.ActiveCfg = Release|Any CPU
		{8267E893-5B62-4544-8E55-D3C57B93F898}.Release|iPhoneSimulator.Build.0 = Release|Any CPU
		{8267E893-5B62-4544-8E55-D3C57B93F898}.Release|x64.ActiveCfg = Release|Any CPU
		{8267E893-5B62-4544-8E55-D3C57B93F898}.Release|x64.Build.0 = Release|Any CPU
		{8267E893-5B62-4544-8E55-D3C57B93F898}.Release|x86.ActiveCfg = Release|Any CPU
		{8267E893-5B62-4544-8E55-D3C57B93F898}.Release|x86.Build.0 = Release|Any CPU
	EndGlobalSection
	GlobalSection(SolutionProperties) = preSolution
		HideSolutionNode = FALSE
	EndGlobalSection
	GlobalSection(ExtensibilityGlobals) = postSolution
		SolutionGuid = {8392CF59-D6EF-4276-86A8-F38A16BCBE4E}
	EndGlobalSection
EndGlobal
